Microsoft Visual Studio Solution File, Format Version 12.00
# Visual Studio Version 17
VisualStudioVersion = 17.5.2.0
MinimumVisualStudioVersion = 10.0.40219.1
Project("{FAE04EC0-301F-11D3-BF4B-00C04F79EFBC}") = "BlazorLearning", "BlazorLearning.csproj", "{C5CE0F3A-1BDD-E661-2584-AF51F312AAB4}"
EndProject
Global
	GlobalSection(SolutionConfigurationPlatforms) = preSolution
		Debug|Any CPU = Debug|Any CPU
		Release|Any CPU = Release|Any CPU
	EndGlobalSection
	GlobalSection(ProjectConfigurationPlatforms) = postSolution
		{C5CE0F3A-1BDD-E661-2584-AF51F312AAB4}.Debug|Any CPU.ActiveCfg = Debug|Any CPU
		{C5CE0F3A-1BDD-E661-2584-AF51F312AAB4}.Debug|Any CPU.Build.0 = Debug|Any CPU
		{C5CE0F3A-1BDD-E661-2584-AF51F312AAB4}.Release|Any CPU.ActiveCfg = Release|Any CPU
		{C5CE0F3A-1BDD-E661-2584-AF51F312AAB4}.Release|Any CPU.Build.0 = Release|Any CPU
	EndGlobalSection
	GlobalSection(SolutionProperties) = preSolution
		HideSolutionNode = FALSE
	EndGlobalSection
	GlobalSection(ExtensibilityGlobals) = postSolution
		SolutionGuid = {CF5B16BE-1B37-46DC-92B1-C039C0577658}
	EndGlobalSection
EndGlobal
